
Microsoft Visual Studio Solution File, Format Version 12.00
# Visual Studio 14
VisualStudioVersion = 14.0.22512.0
MinimumVisualStudioVersion = 10.0.40219.1
Project("{FAE04EC0-301F-11D3-BF4B-00C04F79EFBC}") = "DaysUntilJune15", "DaysUntilJune15\DaysUntilJune15\DaysUntilJune15.csproj", "{51EF9D4E-1DCA-4423-9CF8-5924358B6294}"
EndProject
Project("{FAE04EC0-301F-11D3-BF4B-00C04F79EFBC}") = "DaysUntilJune15.iOS", "DaysUntilJune15\DaysUntilJune15.iOS\DaysUntilJune15.iOS.csproj", "{9176220E-E42F-4833-B383-B135639EC875}"
EndProject
Project("{FAE04EC0-301F-11D3-BF4B-00C04F79EFBC}") = "DaysUntilJune15.Droid", "DaysUntilJune15\DaysUntilJune15.Droid\DaysUntilJune15.Droid.csproj", "{2CDA1B43-406B-402A-95E5-2DB2AEDFA5F3}"
EndProject
Project("{FAE04EC0-301F-11D3-BF4B-00C04F79EFBC}") = "DaysUntilJune15.WinPhone", "DaysUntilJune15\DaysUntilJune15.WinPhone\DaysUntilJune15.WinPhone.csproj", "{9811C061-CEEB-4F6F-AFB7-D7ABE1CC2B5E}"
EndProject
Global
	GlobalSection(SolutionConfigurationPlatforms) = preSolution
		Ad-Hoc|Any CPU = Ad-Hoc|Any CPU
		Ad-Hoc|ARM = Ad-Hoc|ARM
		Ad-Hoc|iPhone = Ad-Hoc|iPhone
		Ad-Hoc|iPhoneSimulator = Ad-Hoc|iPhoneSimulator
		Ad-Hoc|x86 = Ad-Hoc|x86
		AppStore|Any CPU = AppStore|Any CPU
		AppStore|ARM = AppStore|ARM
		AppStore|iPhone = AppStore|iPhone
		AppStore|iPhoneSimulator = AppStore|iPhoneSimulator
		AppStore|x86 = AppStore|x86
		Debug|Any CPU = Debug|Any CPU
		Debug|ARM = Debug|ARM
		Debug|iPhone = Debug|iPhone
		Debug|iPhoneSimulator = Debug|iPhoneSimulator
		Debug|x86 = Debug|x86
		Release|Any CPU = Release|Any CPU
		Release|ARM = Release|ARM
		Release|iPhone = Release|iPhone
		Release|iPhoneSimulator = Release|iPhoneSimulator
		Release|x86 = Release|x86
	EndGlobalSection
	GlobalSection(ProjectConfigurationPlatforms) = postSolution
		{51EF9D4E-1DCA-4423-9CF8-5924358B6294}.Ad-Hoc|Any CPU.ActiveCfg = Release|Any CPU
		{51EF9D4E-1DCA-4423-9CF8-5924358B6294}.Ad-Hoc|Any CPU.Build.0 = Release|Any CPU
		{51EF9D4E-1DCA-4423-9CF8-5924358B6294}.Ad-Hoc|ARM.ActiveCfg = Release|Any CPU
		{51EF9D4E-1DCA-4423-9CF8-5924358B6294}.Ad-Hoc|ARM.Build.0 = Release|Any CPU
		{51EF9D4E-1DCA-4423-9CF8-5924358B6294}.Ad-Hoc|iPhone.ActiveCfg = Release|Any CPU
		{51EF9D4E-1DCA-4423-9CF8-5924358B6294}.Ad-Hoc|iPhone.Build.0 = Release|Any CPU
		{51EF9D4E-1DCA-4423-9CF8-5924358B6294}.Ad-Hoc|iPhoneSimulator.ActiveCfg = Release|Any CPU
		{51EF9D4E-1DCA-4423-9CF8-5924358B6294}.Ad-Hoc|iPhoneSimulator.Build.0 = Release|Any CPU
		{51EF9D4E-1DCA-4423-9CF8-5924358B6294}.Ad-Hoc|x86.ActiveCfg = Release|Any CPU
		{51EF9D4E-1DCA-4423-9CF8-5924358B6294}.Ad-Hoc|x86.Build.0 = Release|Any CPU
		{51EF9D4E-1DCA-4423-9CF8-5924358B6294}.AppStore|Any CPU.ActiveCfg = Release|Any CPU
		{51EF9D4E-1DCA-4423-9CF8-5924358B6294}.AppStore|Any CPU.Build.0 = Release|Any CPU
		{51EF9D4E-1DCA-4423-9CF8-5924358B6294}.AppStore|ARM.ActiveCfg = Release|Any CPU
		{51EF9D4E-1DCA-4423-9CF8-5924358B6294}.AppStore|ARM.Build.0 = Release|Any CPU
		{51EF9D4E-1DCA-4423-9CF8-5924358B6294}.AppStore|iPhone.ActiveCfg = Release|Any CPU
		{51EF9D4E-1DCA-4423-9CF8-5924358B6294}.AppStore|iPhone.Build.0 = Release|Any CPU
		{51EF9D4E-1DCA-4423-9CF8-5924358B6294}.AppStore|iPhoneSimulator.ActiveCfg = Release|Any CPU
		{51EF9D4E-1DCA-4423-9CF8-5924358B6294}.AppStore|iPhoneSimulator.Build.0 = Release|Any CPU
		{51EF9D4E-1DCA-4423-9CF8-5924358B6294}.AppStore|x86.ActiveCfg = Release|Any CPU
		{51EF9D4E-1DCA-4423-9CF8-5924358B6294}.AppStore|x86.Build.0 = Release|Any CPU
		{51EF9D4E-1DCA-4423-9CF8-5924358B6294}.Debug|Any CPU.ActiveCfg = Debug|Any CPU
		{51EF9D4E-1DCA-4423-9CF8-5924358B6294}.Debug|Any CPU.Build.0 = Debug|Any CPU
		{51EF9D4E-1DCA-4423-9CF8-5924358B6294}.Debug|ARM.ActiveCfg = Debug|Any CPU
		{51EF9D4E-1DCA-4423-9CF8-5924358B6294}.Debug|ARM.Build.0 = Debug|Any CPU
		{51EF9D4E-1DCA-4423-9CF8-5924358B6294}.Debug|iPhone.ActiveCfg = Debug|Any CPU
		{51EF9D4E-1DCA-4423-9CF8-5924358B6294}.Debug|iPhone.Build.0 = Debug|Any CPU
		{51EF9D4E-1DCA-4423-9CF8-5924358B6294}.Debug|iPhoneSimulator.ActiveCfg = Debug|Any CPU
		{51EF9D4E-1DCA-4423-9CF8-5924358B6294}.Debug|iPhoneSimulator.Build.0 = Debug|Any CPU
		{51EF9D4E-1DCA-4423-9CF8-5924358B6294}.Debug|x86.ActiveCfg = Debug|Any CPU
		{51EF9D4E-1DCA-4423-9CF8-5924358B6294}.Debug|x86.Build.0 = Debug|Any CPU
		{51EF9D4E-1DCA-4423-9CF8-5924358B6294}.Release|Any CPU.ActiveCfg = Release|Any CPU
		{51EF9D4E-1DCA-4423-9CF8-5924358B6294}.Release|Any CPU.Build.0 = Release|Any CPU
		{51EF9D4E-1DCA-4423-9CF8-5924358B6294}.Release|ARM.ActiveCfg = Release|Any CPU
		{51EF9D4E-1DCA-4423-9CF8-5924358B6294}.Release|ARM.Build.0 = Release|Any CPU
		{51EF9D4E-1DCA-4423-9CF8-5924358B6294}.Release|iPhone.ActiveCfg = Release|Any CPU
		{51EF9D4E-1DCA-4423-9CF8-5924358B6294}.Release|iPhone.Build.0 = Release|Any CPU
		{51EF9D4E-1DCA-4423-9CF8-5924358B6294}.Release|iPhoneSimulator.ActiveCfg = Release|Any CPU
		{51EF9D4E-1DCA-4423-9CF8-5924358B6294}.Release|iPhoneSimulator.Build.0 = Release|Any CPU
		{51EF9D4E-1DCA-4423-9CF8-5924358B6294}.Release|x86.ActiveCfg = Release|Any CPU
		{51EF9D4E-1DCA-4423-9CF8-5924358B6294}.Release|x86.Build.0 = Release|Any CPU
		{9176220E-E42F-4833-B383-B135639EC875}.Ad-Hoc|Any CPU.ActiveCfg = Ad-Hoc|iPhone
		{9176220E-E42F-4833-B383-B135639EC875}.Ad-Hoc|ARM.ActiveCfg = Ad-Hoc|iPhone
		{9176220E-E42F-4833-B383-B135639EC875}.Ad-Hoc|iPhone.ActiveCfg = Ad-Hoc|iPhone
		{9176220E-E42F-4833-B383-B135639EC875}.Ad-Hoc|iPhone.Build.0 = Ad-Hoc|iPhone
		{9176220E-E42F-4833-B383-B135639EC875}.Ad-Hoc|iPhoneSimulator.ActiveCfg = Ad-Hoc|iPhoneSimulator
		{9176220E-E42F-4833-B383-B135639EC875}.Ad-Hoc|iPhoneSimulator.Build.0 = Ad-Hoc|iPhoneSimulator
		{9176220E-E42F-4833-B383-B135639EC875}.Ad-Hoc|x86.ActiveCfg = Ad-Hoc|iPhone
		{9176220E-E42F-4833-B383-B135639EC875}.AppStore|Any CPU.ActiveCfg = AppStore|iPhone
		{9176220E-E42F-4833-B383-B135639EC875}.AppStore|ARM.ActiveCfg = AppStore|iPhone
		{9176220E-E42F-4833-B383-B135639EC875}.AppStore|iPhone.ActiveCfg = AppStore|iPhone
		{9176220E-E42F-4833-B383-B135639EC875}.AppStore|iPhone.Build.0 = AppStore|iPhone
		{9176220E-E42F-4833-B383-B135639EC875}.AppStore|iPhoneSimulator.ActiveCfg = AppStore|iPhoneSimulator
		{9176220E-E42F-4833-B383-B135639EC875}.AppStore|iPhoneSimulator.Build.0 = AppStore|iPhoneSimulator
		{9176220E-E42F-4833-B383-B135639EC875}.AppStore|x86.ActiveCfg = AppStore|iPhone
		{9176220E-E42F-4833-B383-B135639EC875}.Debug|Any CPU.ActiveCfg = Debug|iPhone
		{9176220E-E42F-4833-B383-B135639EC875}.Debug|ARM.ActiveCfg = Debug|iPhone
		{9176220E-E42F-4833-B383-B135639EC875}.Debug|iPhone.ActiveCfg = Debug|iPhone
		{9176220E-E42F-4833-B383-B135639EC875}.Debug|iPhone.Build.0 = Debug|iPhone
		{9176220E-E42F-4833-B383-B135639EC875}.Debug|iPhoneSimulator.ActiveCfg = Debug|iPhoneSimulator
		{9176220E-E42F-4833-B383-B135639EC875}.Debug|iPhoneSimulator.Build.0 = Debug|iPhoneSimulator
		{9176220E-E42F-4833-B383-B135639EC875}.Debug|x86.ActiveCfg = Debug|iPhone
		{9176220E-E42F-4833-B383-B135639EC875}.Release|Any CPU.ActiveCfg = Release|iPhone
		{9176220E-E42F-4833-B383-B135639EC875}.Release|ARM.ActiveCfg = Release|iPhone
		{9176220E-E42F-4833-B383-B135639EC875}.Release|iPhone.ActiveCfg = Release|iPhone
		{9176220E-E42F-4833-B383-B135639EC875}.Release|iPhone.Build.0 = Release|iPhone
		{9176220E-E42F-4833-B383-B135639EC875}.Release|iPhoneSimulator.ActiveCfg = Release|iPhoneSimulator
		{9176220E-E42F-4833-B383-B135639EC875}.Release|iPhoneSimulator.Build.0 = Release|iPhoneSimulator
		{9176220E-E42F-4833-B383-B135639EC875}.Release|x86.ActiveCfg = Release|iPhone
		{2CDA1B43-406B-402A-95E5-2DB2AEDFA5F3}.Ad-Hoc|Any CPU.ActiveCfg = Release|Any CPU
		{2CDA1B43-406B-402A-95E5-2DB2AEDFA5F3}.Ad-Hoc|Any CPU.Build.0 = Release|Any CPU
		{2CDA1B43-406B-402A-95E5-2DB2AEDFA5F3}.Ad-Hoc|Any CPU.Deploy.0 = Release|Any CPU
		{2CDA1B43-406B-402A-95E5-2DB2AEDFA5F3}.Ad-Hoc|ARM.ActiveCfg = Release|Any CPU
		{2CDA1B43-406B-402A-95E5-2DB2AEDFA5F3}.Ad-Hoc|ARM.Build.0 = Release|Any CPU
		{2CDA1B43-406B-402A-95E5-2DB2AEDFA5F3}.Ad-Hoc|ARM.Deploy.0 = Release|Any CPU
		{2CDA1B43-406B-402A-95E5-2DB2AEDFA5F3}.Ad-Hoc|iPhone.ActiveCfg = Release|Any CPU
		{2CDA1B43-406B-402A-95E5-2DB2AEDFA5F3}.Ad-Hoc|iPhone.Build.0 = Release|Any CPU
		{2CDA1B43-406B-402A-95E5-2DB2AEDFA5F3}.Ad-Hoc|iPhone.Deploy.0 = Release|Any CPU
		{2CDA1B43-406B-402A-95E5-2DB2AEDFA5F3}.Ad-Hoc|iPhoneSimulator.ActiveCfg = Release|Any CPU
		{2CDA1B43-406B-402A-95E5-2DB2AEDFA5F3}.Ad-Hoc|iPhoneSimulator.Build.0 = Release|Any CPU
		{2CDA1B43-406B-402A-95E5-2DB2AEDFA5F3}.Ad-Hoc|iPhoneSimulator.Deploy.0 = Release|Any CPU
		{2CDA1B43-406B-402A-95E5-2DB2AEDFA5F3}.Ad-Hoc|x86.ActiveCfg = Release|Any CPU
		{2CDA1B43-406B-402A-95E5-2DB2AEDFA5F3}.Ad-Hoc|x86.Build.0 = Release|Any CPU
		{2CDA1B43-406B-402A-95E5-2DB2AEDFA5F3}.Ad-Hoc|x86.Deploy.0 = Release|Any CPU
		{2CDA1B43-406B-402A-95E5-2DB2AEDFA5F3}.AppStore|Any CPU.ActiveCfg = Release|Any CPU
		{2CDA1B43-406B-402A-95E5-2DB2AEDFA5F3}.AppStore|Any CPU.Build.0 = Release|Any CPU
		{2CDA1B43-406B-402A-95E5-2DB2AEDFA5F3}.AppStore|Any CPU.Deploy.0 = Release|Any CPU
		{2CDA1B43-406B-402A-95E5-2DB2AEDFA5F3}.AppStore|ARM.ActiveCfg = Release|Any CPU
		{2CDA1B43-406B-402A-95E5-2DB2AEDFA5F3}.AppStore|ARM.Build.0 = Release|Any CPU
		{2CDA1B43-406B-402A-95E5-2DB2AEDFA5F3}.AppStore|ARM.Deploy.0 = Release|Any CPU
		{2CDA1B43-406B-402A-95E5-2DB2AEDFA5F3}.AppStore|iPhone.ActiveCfg = Release|Any CPU
		{2CDA1B43-406B-402A-95E5-2DB2AEDFA5F3}.AppStore|iPhone.Build.0 = Release|Any CPU
		{2CDA1B43-406B-402A-95E5-2DB2AEDFA5F3}.AppStore|iPhone.Deploy.0 = Release|Any CPU
		{2CDA1B43-406B-402A-95E5-2DB2AEDFA5F3}.AppStore|iPhoneSimulator.ActiveCfg = Release|Any CPU
		{2CDA1B43-406B-402A-95E5-2DB2AEDFA5F3}.AppStore|iPhoneSimulator.Build.0 = Release|Any CPU
		{2CDA1B43-406B-402A-95E5-2DB2AEDFA5F3}.AppStore|iPhoneSimulator.Deploy.0 = Release|Any CPU
		{2CDA1B43-406B-402A-95E5-2DB2AEDFA5F3}.AppStore|x86.ActiveCfg = Release|Any CPU
		{2CDA1B43-406B-402A-95E5-2DB2AEDFA5F3}.AppStore|x86.Build.0 = Release|Any CPU
		{2CDA1B43-406B-402A-95E5-2DB2AEDFA5F3}.AppStore|x86.Deploy.0 = Release|Any CPU
		{2CDA1B43-406B-402A-95E5-2DB2AEDFA5F3}.Debug|Any CPU.ActiveCfg = Debug|Any CPU
		{2CDA1B43-406B-402A-95E5-2DB2AEDFA5F3}.Debug|Any CPU.Build.0 = Debug|Any CPU
		{2CDA1B43-406B-402A-95E5-2DB2AEDFA5F3}.Debug|Any CPU.Deploy.0 = Debug|Any CPU
		{2CDA1B43-406B-402A-95E5-2DB2AEDFA5F3}.Debug|ARM.ActiveCfg = Debug|Any CPU
		{2CDA1B43-406B-402A-95E5-2DB2AEDFA5F3}.Debug|ARM.Build.0 = Debug|Any CPU
		{2CDA1B43-406B-402A-95E5-2DB2AEDFA5F3}.Debug|ARM.Deploy.0 = Debug|Any CPU
		{2CDA1B43-406B-402A-95E5-2DB2AEDFA5F3}.Debug|iPhone.ActiveCfg = Debug|Any CPU
		{2CDA1B43-406B-402A-95E5-2DB2AEDFA5F3}.Debug|iPhone.Build.0 = Debug|Any CPU
		{2CDA1B43-406B-402A-95E5-2DB2AEDFA5F3}.Debug|iPhone.Deploy.0 = Debug|Any CPU
		{2CDA1B43-406B-402A-95E5-2DB2AEDFA5F3}.Debug|iPhoneSimulator.ActiveCfg = Debug|Any CPU
		{2CDA1B43-406B-402A-95E5-2DB2AEDFA5F3}.Debug|iPhoneSimulator.Build.0 = Debug|Any CPU
		{2CDA1B43-406B-402A-95E5-2DB2AEDFA5F3}.Debug|iPhoneSimulator.Deploy.0 = Debug|Any CPU
		{2CDA1B43-406B-402A-95E5-2DB2AEDFA5F3}.Debug|x86.ActiveCfg = Debug|Any CPU
		{2CDA1B43-406B-402A-95E5-2DB2AEDFA5F3}.Debug|x86.Build.0 = Debug|Any CPU
		{2CDA1B43-406B-402A-95E5-2DB2AEDFA5F3}.Debug|x86.Deploy.0 = Debug|Any CPU
		{2CDA1B43-406B-402A-95E5-2DB2AEDFA5F3}.Release|Any CPU.ActiveCfg = Release|Any CPU
		{2CDA1B43-406B-402A-95E5-2DB2AEDFA5F3}.Release|Any CPU.Build.0 = Release|Any CPU
		{2CDA1B43-406B-402A-95E5-2DB2AEDFA5F3}.Release|Any CPU.Deploy.0 = Release|Any CPU
		{2CDA1B43-406B-402A-95E5-2DB2AEDFA5F3}.Release|ARM.ActiveCfg = Release|Any CPU
		{2CDA1B43-406B-402A-95E5-2DB2AEDFA5F3}.Release|ARM.Build.0 = Release|Any CPU
		{2CDA1B43-406B-402A-95E5-2DB2AEDFA5F3}.Release|ARM.Deploy.0 = Release|Any CPU
		{2CDA1B43-406B-402A-95E5-2DB2AEDFA5F3}.Release|iPhone.ActiveCfg = Release|Any CPU
		{2CDA1B43-406B-402A-95E5-2DB2AEDFA5F3}.Release|iPhone.Build.0 = Release|Any CPU
		{2CDA1B43-406B-402A-95E5-2DB2AEDFA5F3}.Release|iPhone.Deploy.0 = Release|Any CPU
		{2CDA1B43-406B-402A-95E5-2DB2AEDFA5F3}.Release|iPhoneSimulator.ActiveCfg = Release|Any CPU
		{2CDA1B43-406B-402A-95E5-2DB2AEDFA5F3}.Release|iPhoneSimulator.Build.0 = Release|Any CPU
		{2CDA1B43-406B-402A-95E5-2DB2AEDFA5F3}.Release|iPhoneSimulator.Deploy.0 = Release|Any CPU
		{2CDA1B43-406B-402A-95E5-2DB2AEDFA5F3}.Release|x86.ActiveCfg = Release|Any CPU
		{2CDA1B43-406B-402A-95E5-2DB2AEDFA5F3}.Release|x86.Build.0 = Release|Any CPU
		{2CDA1B43-406B-402A-95E5-2DB2AEDFA5F3}.Release|x86.Deploy.0 = Release|Any CPU
		{9811C061-CEEB-4F6F-AFB7-D7ABE1CC2B5E}.Ad-Hoc|Any CPU.ActiveCfg = Release|Any CPU
		{9811C061-CEEB-4F6F-AFB7-D7ABE1CC2B5E}.Ad-Hoc|Any CPU.Build.0 = Release|Any CPU
		{9811C061-CEEB-4F6F-AFB7-D7ABE1CC2B5E}.Ad-Hoc|Any CPU.Deploy.0 = Release|Any CPU
		{9811C061-CEEB-4F6F-AFB7-D7ABE1CC2B5E}.Ad-Hoc|ARM.ActiveCfg = Release|ARM
		{9811C061-CEEB-4F6F-AFB7-D7ABE1CC2B5E}.Ad-Hoc|ARM.Build.0 = Release|ARM
		{9811C061-CEEB-4F6F-AFB7-D7ABE1CC2B5E}.Ad-Hoc|ARM.Deploy.0 = Release|ARM
		{9811C061-CEEB-4F6F-AFB7-D7ABE1CC2B5E}.Ad-Hoc|iPhone.ActiveCfg = Release|Any CPU
		{9811C061-CEEB-4F6F-AFB7-D7ABE1CC2B5E}.Ad-Hoc|iPhone.Build.0 = Release|Any CPU
		{9811C061-CEEB-4F6F-AFB7-D7ABE1CC2B5E}.Ad-Hoc|iPhone.Deploy.0 = Release|Any CPU
		{9811C061-CEEB-4F6F-AFB7-D7ABE1CC2B5E}.Ad-Hoc|iPhoneSimulator.ActiveCfg = Release|Any CPU
		{9811C061-CEEB-4F6F-AFB7-D7ABE1CC2B5E}.Ad-Hoc|iPhoneSimulator.Build.0 = Release|Any CPU
		{9811C061-CEEB-4F6F-AFB7-D7ABE1CC2B5E}.Ad-Hoc|iPhoneSimulator.Deploy.0 = Release|Any CPU
		{9811C061-CEEB-4F6F-AFB7-D7ABE1CC2B5E}.Ad-Hoc|x86.ActiveCfg = Release|x86
		{9811C061-CEEB-4F6F-AFB7-D7ABE1CC2B5E}.Ad-Hoc|x86.Build.0 = Release|x86
		{9811C061-CEEB-4F6F-AFB7-D7ABE1CC2B5E}.Ad-Hoc|x86.Deploy.0 = Release|x86
		{9811C061-CEEB-4F6F-AFB7-D7ABE1CC2B5E}.AppStore|Any CPU.ActiveCfg = Release|Any CPU
		{9811C061-CEEB-4F6F-AFB7-D7ABE1CC2B5E}.AppStore|Any CPU.Build.0 = Release|Any CPU
		{9811C061-CEEB-4F6F-AFB7-D7ABE1CC2B5E}.AppStore|Any CPU.Deploy.0 = Release|Any CPU
		{9811C061-CEEB-4F6F-AFB7-D7ABE1CC2B5E}.AppStore|ARM.ActiveCfg = Release|ARM
		{9811C061-CEEB-4F6F-AFB7-D7ABE1CC2B5E}.AppStore|ARM.Build.0 = Release|ARM
		{9811C061-CEEB-4F6F-AFB7-D7ABE1CC2B5E}.AppStore|ARM.Deploy.0 = Release|ARM
		{9811C061-CEEB-4F6F-AFB7-D7ABE1CC2B5E}.AppStore|iPhone.ActiveCfg = Release|Any CPU
		{9811C061-CEEB-4F6F-AFB7-D7ABE1CC2B5E}.AppStore|iPhone.Build.0 = Release|Any CPU
		{9811C061-CEEB-4F6F-AFB7-D7ABE1CC2B5E}.AppStore|iPhone.Deploy.0 = Release|Any CPU
		{9811C061-CEEB-4F6F-AFB7-D7ABE1CC2B5E}.AppStore|iPhoneSimulator.ActiveCfg = Release|Any CPU
		{9811C061-CEEB-4F6F-AFB7-D7ABE1CC2B5E}.AppStore|iPhoneSimulator.Build.0 = Release|Any CPU
		{9811C061-CEEB-4F6F-AFB7-D7ABE1CC2B5E}.AppStore|iPhoneSimulator.Deploy.0 = Release|Any CPU
		{9811C061-CEEB-4F6F-AFB7-D7ABE1CC2B5E}.AppStore|x86.ActiveCfg = Release|x86
		{9811C061-CEEB-4F6F-AFB7-D7ABE1CC2B5E}.AppStore|x86.Build.0 = Release|x86
		{9811C061-CEEB-4F6F-AFB7-D7ABE1CC2B5E}.AppStore|x86.Deploy.0 = Release|x86
		{9811C061-CEEB-4F6F-AFB7-D7ABE1CC2B5E}.Debug|Any CPU.ActiveCfg = Debug|Any CPU
		{9811C061-CEEB-4F6F-AFB7-D7ABE1CC2B5E}.Debug|Any CPU.Build.0 = Debug|Any CPU
		{9811C061-CEEB-4F6F-AFB7-D7ABE1CC2B5E}.Debug|Any CPU.Deploy.0 = Debug|Any CPU
		{9811C061-CEEB-4F6F-AFB7-D7ABE1CC2B5E}.Debug|ARM.ActiveCfg = Debug|ARM
		{9811C061-CEEB-4F6F-AFB7-D7ABE1CC2B5E}.Debug|ARM.Build.0 = Debug|ARM
		{9811C061-CEEB-4F6F-AFB7-D7ABE1CC2B5E}.Debug|ARM.Deploy.0 = Debug|ARM
		{9811C061-CEEB-4F6F-AFB7-D7ABE1CC2B5E}.Debug|iPhone.ActiveCfg = Debug|Any CPU
		{9811C061-CEEB-4F6F-AFB7-D7ABE1CC2B5E}.Debug|iPhone.Build.0 = Debug|Any CPU
		{9811C061-CEEB-4F6F-AFB7-D7ABE1CC2B5E}.Debug|iPhone.Deploy.0 = Debug|Any CPU
		{9811C061-CEEB-4F6F-AFB7-D7ABE1CC2B5E}.Debug|iPhoneSimulator.ActiveCfg = Debug|Any CPU
		{9811C061-CEEB-4F6F-AFB7-D7ABE1CC2B5E}.Debug|iPhoneSimulator.Build.0 = Debug|Any CPU
		{9811C061-CEEB-4F6F-AFB7-D7ABE1CC2B5E}.Debug|iPhoneSimulator.Deploy.0 = Debug|Any CPU
		{9811C061-CEEB-4F6F-AFB7-D7ABE1CC2B5E}.Debug|x86.ActiveCfg = Debug|x86
		{9811C061-CEEB-4F6F-AFB7-D7ABE1CC2B5E}.Debug|x86.Build.0 = Debug|x86
		{9811C061-CEEB-4F6F-AFB7-D7ABE1CC2B5E}.Debug|x86.Deploy.0 = Debug|x86
		{9811C061-CEEB-4F6F-AFB7-D7ABE1CC2B5E}.Release|Any CPU.ActiveCfg = Release|Any CPU
		{9811C061-CEEB-4F6F-AFB7-D7ABE1CC2B5E}.Release|Any CPU.Build.0 = Release|Any CPU
		{9811C061-CEEB-4F6F-AFB7-D7ABE1CC2B5E}.Release|Any CPU.Deploy.0 = Release|Any CPU
		{9811C061-CEEB-4F6F-AFB7-D7ABE1CC2B5E}.Release|ARM.ActiveCfg = Release|ARM
		{9811C061-CEEB-4F6F-AFB7-D7ABE1CC2B5E}.Release|ARM.Build.0 = Release|ARM
		{9811C061-CEEB-4F6F-AFB7-D7ABE1CC2B5E}.Release|ARM.Deploy.0 = Release|ARM
		{9811C061-CEEB-4F6F-AFB7-D7ABE1CC2B5E}.Release|iPhone.ActiveCfg = Release|Any CPU
		{9811C061-CEEB-4F6F-AFB7-D7ABE1CC2B5E}.Release|iPhone.Build.0 = Release|Any CPU
		{9811C061-CEEB-4F6F-AFB7-D7ABE1CC2B5E}.Release|iPhone.Deploy.0 = Release|Any CPU
		{9811C061-CEEB-4F6F-AFB7-D7ABE1CC2B5E}.Release|iPhoneSimulator.ActiveCfg = Release|Any CPU
		{9811C061-CEEB-4F6F-AFB7-D7ABE1CC2B5E}.Release|iPhoneSimulator.Build.0 = Release|Any CPU
		{9811C061-CEEB-4F6F-AFB7-D7ABE1CC2B5E}.Release|iPhoneSimulator.Deploy.0 = Release|Any CPU
		{9811C061-CEEB-4F6F-AFB7-D7ABE1CC2B5E}.Release|x86.ActiveCfg = Release|x86
		{9811C061-CEEB-4F6F-AFB7-D7ABE1CC2B5E}.Release|x86.Build.0 = Release|x86
		{9811C061-CEEB-4F6F-AFB7-D7ABE1CC2B5E}.Release|x86.Deploy.0 = Release|x86
	EndGlobalSection
	GlobalSection(SolutionProperties) = preSolution
		HideSolutionNode = FALSE
	EndGlobalSection
EndGlobal
